
Microsoft Visual Studio Solution File, Format Version 12.00
# Visual Studio Version 17
VisualStudioVersion = 17.5.002.0
MinimumVisualStudioVersion = 10.0.40219.1
Project("{9A19103F-16F7-4668-BE54-9A1E7A4F7556}") = "projetinho", "projetinho.csproj", "{AD9655E9-1C3D-4E04-9ACF-7EED879E3A00}"
EndProject
Global
	GlobalSection(SolutionConfigurationPlatforms) = preSolution
		Debug|Any CPU = Debug|Any CPU
		Release|Any CPU = Release|Any CPU
	EndGlobalSection
	GlobalSection(ProjectConfigurationPlatforms) = postSolution
		{AD9655E9-1C3D-4E04-9ACF-7EED879E3A00}.Debug|Any CPU.ActiveCfg = Debug|Any CPU
		{AD9655E9-1C3D-4E04-9ACF-7EED879E3A00}.Debug|Any CPU.Build.0 = Debug|Any CPU
		{AD9655E9-1C3D-4E04-9ACF-7EED879E3A00}.Release|Any CPU.ActiveCfg = Release|Any CPU
		{AD9655E9-1C3D-4E04-9ACF-7EED879E3A00}.Release|Any CPU.Build.0 = Release|Any CPU
	EndGlobalSection
	GlobalSection(SolutionProperties) = preSolution
		HideSolutionNode = FALSE
	EndGlobalSection
	GlobalSection(ExtensibilityGlobals) = postSolution
		SolutionGuid = {9911FC45-2D4E-48CE-BE91-8480BFB38E00}
	EndGlobalSection
EndGlobal
